
Microsoft Visual Studio Solution File, Format Version 12.00
# Visual Studio Version 17
VisualStudioVersion = 17.5.33530.505
MinimumVisualStudioVersion = 10.0.40219.1
Project("{8BC9CEB8-8B4A-11D0-8D11-00A0C91BC942}") = "PrimaryArduino", "PrimaryArduino\PrimaryArduino.vcxproj", "{2442EF4B-C807-41BC-AE0E-F6297C9AE47E}"
EndProject
Project("{8BC9CEB8-8B4A-11D0-8D11-00A0C91BC942}") = "Wire-1.0", "Libraries\Wire\1.0\Wire\Wire-1.0.vcxitems", "{D750B1EB-00A9-4479-BA6B-82B0E89C8F95}"
EndProject
Project("{8BC9CEB8-8B4A-11D0-8D11-00A0C91BC942}") = "invensense-imu-main-6.0.3", "Libraries\invensense-imu-main\6.0.3\invensense-imu-main\invensense-imu-main-6.0.3.vcxitems", "{E8ED4DBD-6D55-4788-ABC8-3014CF0386F2}"
EndProject
Global
	GlobalSection(SolutionConfigurationPlatforms) = preSolution
		Debug|ARM = Debug|ARM
		Debug|ARM64 = Debug|ARM64
		Debug|x64 = Debug|x64
		Debug|x86 = Debug|x86
		Release|ARM = Release|ARM
		Release|ARM64 = Release|ARM64
		Release|x64 = Release|x64
		Release|x86 = Release|x86
	EndGlobalSection
	GlobalSection(ProjectConfigurationPlatforms) = postSolution
		{2442EF4B-C807-41BC-AE0E-F6297C9AE47E}.Debug|ARM.ActiveCfg = Debug|ARM
		{2442EF4B-C807-41BC-AE0E-F6297C9AE47E}.Debug|ARM.Build.0 = Debug|ARM
		{2442EF4B-C807-41BC-AE0E-F6297C9AE47E}.Debug|ARM.Deploy.0 = Debug|ARM
		{2442EF4B-C807-41BC-AE0E-F6297C9AE47E}.Debug|ARM64.ActiveCfg = Debug|ARM64
		{2442EF4B-C807-41BC-AE0E-F6297C9AE47E}.Debug|ARM64.Build.0 = Debug|ARM64
		{2442EF4B-C807-41BC-AE0E-F6297C9AE47E}.Debug|ARM64.Deploy.0 = Debug|ARM64
		{2442EF4B-C807-41BC-AE0E-F6297C9AE47E}.Debug|x64.ActiveCfg = Debug|x64
		{2442EF4B-C807-41BC-AE0E-F6297C9AE47E}.Debug|x64.Build.0 = Debug|x64
		{2442EF4B-C807-41BC-AE0E-F6297C9AE47E}.Debug|x64.Deploy.0 = Debug|x64
		{2442EF4B-C807-41BC-AE0E-F6297C9AE47E}.Debug|x86.ActiveCfg = Debug|x86
		{2442EF4B-C807-41BC-AE0E-F6297C9AE47E}.Debug|x86.Build.0 = Debug|x86
		{2442EF4B-C807-41BC-AE0E-F6297C9AE47E}.Debug|x86.Deploy.0 = Debug|x86
		{2442EF4B-C807-41BC-AE0E-F6297C9AE47E}.Release|ARM.ActiveCfg = Release|ARM
		{2442EF4B-C807-41BC-AE0E-F6297C9AE47E}.Release|ARM.Build.0 = Release|ARM
		{2442EF4B-C807-41BC-AE0E-F6297C9AE47E}.Release|ARM.Deploy.0 = Release|ARM
		{2442EF4B-C807-41BC-AE0E-F6297C9AE47E}.Release|ARM64.ActiveCfg = Release|ARM64
		{2442EF4B-C807-41BC-AE0E-F6297C9AE47E}.Release|ARM64.Build.0 = Release|ARM64
		{2442EF4B-C807-41BC-AE0E-F6297C9AE47E}.Release|ARM64.Deploy.0 = Release|ARM64
		{2442EF4B-C807-41BC-AE0E-F6297C9AE47E}.Release|x64.ActiveCfg = Release|x64
		{2442EF4B-C807-41BC-AE0E-F6297C9AE47E}.Release|x64.Build.0 = Release|x64
		{2442EF4B-C807-41BC-AE0E-F6297C9AE47E}.Release|x64.Deploy.0 = Release|x64
		{2442EF4B-C807-41BC-AE0E-F6297C9AE47E}.Release|x86.ActiveCfg = Release|x86
		{2442EF4B-C807-41BC-AE0E-F6297C9AE47E}.Release|x86.Build.0 = Release|x86
		{2442EF4B-C807-41BC-AE0E-F6297C9AE47E}.Release|x86.Deploy.0 = Release|x86
	EndGlobalSection
	GlobalSection(SolutionProperties) = preSolution
		HideSolutionNode = FALSE
	EndGlobalSection
	GlobalSection(ExtensibilityGlobals) = postSolution
		SolutionGuid = {641A7255-8D93-4D4D-9A26-02A35C8B884C}
	EndGlobalSection
	GlobalSection(SharedMSBuildProjectFiles) = preSolution
		Libraries\invensense-imu-main\6.0.3\invensense-imu-main\invensense-imu-main-6.0.3.vcxitems*{2442ef4b-c807-41bc-ae0e-f6297c9ae47e}*SharedItemsImports = 4
		Libraries\Wire\1.0\Wire\Wire-1.0.vcxitems*{2442ef4b-c807-41bc-ae0e-f6297c9ae47e}*SharedItemsImports = 4
		Libraries\Wire\1.0\Wire\Wire-1.0.vcxitems*{d750b1eb-00a9-4479-ba6b-82b0e89c8f95}*SharedItemsImports = 9
		Libraries\invensense-imu-main\6.0.3\invensense-imu-main\invensense-imu-main-6.0.3.vcxitems*{e8ed4dbd-6d55-4788-abc8-3014cf0386f2}*SharedItemsImports = 9
	EndGlobalSection
EndGlobal
